
Microsoft Visual Studio Solution File, Format Version 12.00
# Visual Studio Version 16
VisualStudioVersion = 16.0.33927.289
MinimumVisualStudioVersion = 10.0.40219.1
Project("{888888A0-9F3D-457C-B088-3A5042F75D52}") = "Kylo", "Kylo.pyproj", "{4BAD8F6B-5CC1-4EDD-BDED-498CEEEDBFC2}"
EndProject
Global
	GlobalSection(SolutionConfigurationPlatforms) = preSolution
		Debug|Any CPU = Debug|Any CPU
		Release|Any CPU = Release|Any CPU
	EndGlobalSection
	GlobalSection(ProjectConfigurationPlatforms) = postSolution
		{4BAD8F6B-5CC1-4EDD-BDED-498CEEEDBFC2}.Debug|Any CPU.ActiveCfg = Debug|Any CPU
		{4BAD8F6B-5CC1-4EDD-BDED-498CEEEDBFC2}.Release|Any CPU.ActiveCfg = Release|Any CPU
	EndGlobalSection
	GlobalSection(SolutionProperties) = preSolution
		HideSolutionNode = FALSE
	EndGlobalSection
	GlobalSection(ExtensibilityGlobals) = postSolution
		SolutionGuid = {C640DC8E-A400-433F-A311-1F3A5EA8D5A4}
	EndGlobalSection
EndGlobal
